
Microsoft Visual Studio Solution File, Format Version 12.00
# Visual Studio Version 17
VisualStudioVersion = 17.11.35222.181
MinimumVisualStudioVersion = 10.0.40219.1
Project("{2150E333-8FDC-42A3-9474-1A3956D46DE8}") = "Task0", "Task0", "{27318CEB-7297-4C84-885D-A7D02535AAFD}"
EndProject
Project("{FAE04EC0-301F-11D3-BF4B-00C04F79EFBC}") = "Tyuiu.AvdeevAS.Sprint2.Task0.V29", "Tyuiu.AvdeevAS.Sprint2.Task0.V29\Tyuiu.AvdeevAS.Sprint2.Task0.V29.csproj", "{83D4A4D3-740A-4B2F-9D21-31CE44504B74}"
EndProject
Project("{FAE04EC0-301F-11D3-BF4B-00C04F79EFBC}") = "Tyuiu.AvdeevAS.Sprint2.Task0.V29.Lib", "Tyuiu.AvdeevAS.Sprint2.Task0.V29.Lib\Tyuiu.AvdeevAS.Sprint2.Task0.V29.Lib.csproj", "{FB3E7435-E961-4619-A972-8342C91FC2F4}"
EndProject
Project("{FAE04EC0-301F-11D3-BF4B-00C04F79EFBC}") = "Tyuiu.AvdeevAS.Sprint2.Task0.V29.Test", "Tyuiu.AvdeevAS.Sprint2.Task0.V29.Test\Tyuiu.AvdeevAS.Sprint2.Task0.V29.Test.csproj", "{95F0C5B9-E1A0-439C-A0F6-98DF2120B339}"
EndProject
Project("{2150E333-8FDC-42A3-9474-1A3956D46DE8}") = "Task1", "Task1", "{C71251AD-993E-4954-855D-FF29D83C0653}"
EndProject
Project("{FAE04EC0-301F-11D3-BF4B-00C04F79EFBC}") = "Tyuiu.AvdeevAS.Sprint2.Task1.V11", "Tyuiu.AvdeevAS.Sprint2.Task1.V11\Tyuiu.AvdeevAS.Sprint2.Task1.V11.csproj", "{BBC143A8-39EE-4D35-9D6F-F498E344503C}"
EndProject
Project("{FAE04EC0-301F-11D3-BF4B-00C04F79EFBC}") = "Tyuiu.AvdeevAS.Sprint2.Task1.V11.Lib", "Tyuiu.AvdeevAS.Sprint2.Task1.V11.Lib\Tyuiu.AvdeevAS.Sprint2.Task1.V11.Lib.csproj", "{034D5227-91B0-4AB5-9BE2-A74202A3FB33}"
EndProject
Project("{FAE04EC0-301F-11D3-BF4B-00C04F79EFBC}") = "Tyuiu.AvdeevAS.Sprint2.Task1.V11.Test", "Tyuiu.AvdeevAS.Sprint2.Task1.V11.Test\Tyuiu.AvdeevAS.Sprint2.Task1.V11.Test.csproj", "{2AC58D00-3BCF-4F78-BE05-61602DC832C3}"
EndProject
Global
	GlobalSection(SolutionConfigurationPlatforms) = preSolution
		Debug|Any CPU = Debug|Any CPU
		Release|Any CPU = Release|Any CPU
	EndGlobalSection
	GlobalSection(ProjectConfigurationPlatforms) = postSolution
		{83D4A4D3-740A-4B2F-9D21-31CE44504B74}.Debug|Any CPU.ActiveCfg = Debug|Any CPU
		{83D4A4D3-740A-4B2F-9D21-31CE44504B74}.Debug|Any CPU.Build.0 = Debug|Any CPU
		{83D4A4D3-740A-4B2F-9D21-31CE44504B74}.Release|Any CPU.ActiveCfg = Release|Any CPU
		{83D4A4D3-740A-4B2F-9D21-31CE44504B74}.Release|Any CPU.Build.0 = Release|Any CPU
		{FB3E7435-E961-4619-A972-8342C91FC2F4}.Debug|Any CPU.ActiveCfg = Debug|Any CPU
		{FB3E7435-E961-4619-A972-8342C91FC2F4}.Debug|Any CPU.Build.0 = Debug|Any CPU
		{FB3E7435-E961-4619-A972-8342C91FC2F4}.Release|Any CPU.ActiveCfg = Release|Any CPU
		{FB3E7435-E961-4619-A972-8342C91FC2F4}.Release|Any CPU.Build.0 = Release|Any CPU
		{95F0C5B9-E1A0-439C-A0F6-98DF2120B339}.Debug|Any CPU.ActiveCfg = Debug|Any CPU
		{95F0C5B9-E1A0-439C-A0F6-98DF2120B339}.Debug|Any CPU.Build.0 = Debug|Any CPU
		{95F0C5B9-E1A0-439C-A0F6-98DF2120B339}.Release|Any CPU.ActiveCfg = Release|Any CPU
		{95F0C5B9-E1A0-439C-A0F6-98DF2120B339}.Release|Any CPU.Build.0 = Release|Any CPU
		{BBC143A8-39EE-4D35-9D6F-F498E344503C}.Debug|Any CPU.ActiveCfg = Debug|Any CPU
		{BBC143A8-39EE-4D35-9D6F-F498E344503C}.Debug|Any CPU.Build.0 = Debug|Any CPU
		{BBC143A8-39EE-4D35-9D6F-F498E344503C}.Release|Any CPU.ActiveCfg = Release|Any CPU
		{BBC143A8-39EE-4D35-9D6F-F498E344503C}.Release|Any CPU.Build.0 = Release|Any CPU
		{034D5227-91B0-4AB5-9BE2-A74202A3FB33}.Debug|Any CPU.ActiveCfg = Debug|Any CPU
		{034D5227-91B0-4AB5-9BE2-A74202A3FB33}.Debug|Any CPU.Build.0 = Debug|Any CPU
		{034D5227-91B0-4AB5-9BE2-A74202A3FB33}.Release|Any CPU.ActiveCfg = Release|Any CPU
		{034D5227-91B0-4AB5-9BE2-A74202A3FB33}.Release|Any CPU.Build.0 = Release|Any CPU
		{2AC58D00-3BCF-4F78-BE05-61602DC832C3}.Debug|Any CPU.ActiveCfg = Debug|Any CPU
		{2AC58D00-3BCF-4F78-BE05-61602DC832C3}.Debug|Any CPU.Build.0 = Debug|Any CPU
		{2AC58D00-3BCF-4F78-BE05-61602DC832C3}.Release|Any CPU.ActiveCfg = Release|Any CPU
		{2AC58D00-3BCF-4F78-BE05-61602DC832C3}.Release|Any CPU.Build.0 = Release|Any CPU
	EndGlobalSection
	GlobalSection(SolutionProperties) = preSolution
		HideSolutionNode = FALSE
	EndGlobalSection
	GlobalSection(NestedProjects) = preSolution
		{83D4A4D3-740A-4B2F-9D21-31CE44504B74} = {27318CEB-7297-4C84-885D-A7D02535AAFD}
		{FB3E7435-E961-4619-A972-8342C91FC2F4} = {27318CEB-7297-4C84-885D-A7D02535AAFD}
		{95F0C5B9-E1A0-439C-A0F6-98DF2120B339} = {27318CEB-7297-4C84-885D-A7D02535AAFD}
		{BBC143A8-39EE-4D35-9D6F-F498E344503C} = {C71251AD-993E-4954-855D-FF29D83C0653}
		{034D5227-91B0-4AB5-9BE2-A74202A3FB33} = {C71251AD-993E-4954-855D-FF29D83C0653}
		{2AC58D00-3BCF-4F78-BE05-61602DC832C3} = {C71251AD-993E-4954-855D-FF29D83C0653}
	EndGlobalSection
	GlobalSection(ExtensibilityGlobals) = postSolution
		SolutionGuid = {D946FF9C-997D-4ECC-9DE1-C4588FE55ACA}
	EndGlobalSection
EndGlobal
