
Microsoft Visual Studio Solution File, Format Version 12.00
# Visual Studio Version 17
VisualStudioVersion = 17.11.35222.181
MinimumVisualStudioVersion = 10.0.40219.1
Project("{2150E333-8FDC-42A3-9474-1A3956D46DE8}") = "Task0", "Task0", "{27318CEB-7297-4C84-885D-A7D02535AAFD}"
EndProject
Project("{9A19103F-16F7-4668-BE54-9A1E7A4F7556}") = "Tyuiu.AvdeevAS.Sprint2.Task0.V29", "Tyuiu.AvdeevAS.Sprint2.Task0.V29\Tyuiu.AvdeevAS.Sprint2.Task0.V29.csproj", "{83D4A4D3-740A-4B2F-9D21-31CE44504B74}"
EndProject
Project("{9A19103F-16F7-4668-BE54-9A1E7A4F7556}") = "Tyuiu.AvdeevAS.Sprint2.Task0.V29.Lib", "Tyuiu.AvdeevAS.Sprint2.Task0.V29.Lib\Tyuiu.AvdeevAS.Sprint2.Task0.V29.Lib.csproj", "{FB3E7435-E961-4619-A972-8342C91FC2F4}"
EndProject
Project("{9A19103F-16F7-4668-BE54-9A1E7A4F7556}") = "Tyuiu.AvdeevAS.Sprint2.Task0.V29.Test", "Tyuiu.AvdeevAS.Sprint2.Task0.V29.Test\Tyuiu.AvdeevAS.Sprint2.Task0.V29.Test.csproj", "{95F0C5B9-E1A0-439C-A0F6-98DF2120B339}"
EndProject
Project("{2150E333-8FDC-42A3-9474-1A3956D46DE8}") = "Task1", "Task1", "{C71251AD-993E-4954-855D-FF29D83C0653}"
EndProject
Project("{9A19103F-16F7-4668-BE54-9A1E7A4F7556}") = "Tyuiu.AvdeevAS.Sprint2.Task1.V11", "Tyuiu.AvdeevAS.Sprint2.Task1.V11\Tyuiu.AvdeevAS.Sprint2.Task1.V11.csproj", "{BBC143A8-39EE-4D35-9D6F-F498E344503C}"
EndProject
Project("{9A19103F-16F7-4668-BE54-9A1E7A4F7556}") = "Tyuiu.AvdeevAS.Sprint2.Task1.V11.Lib", "Tyuiu.AvdeevAS.Sprint2.Task1.V11.Lib\Tyuiu.AvdeevAS.Sprint2.Task1.V11.Lib.csproj", "{034D5227-91B0-4AB5-9BE2-A74202A3FB33}"
EndProject
Project("{9A19103F-16F7-4668-BE54-9A1E7A4F7556}") = "Tyuiu.AvdeevAS.Sprint2.Task1.V11.Test", "Tyuiu.AvdeevAS.Sprint2.Task1.V11.Test\Tyuiu.AvdeevAS.Sprint2.Task1.V11.Test.csproj", "{2AC58D00-3BCF-4F78-BE05-61602DC832C3}"
EndProject
Project("{2150E333-8FDC-42A3-9474-1A3956D46DE8}") = "Task2", "Task2", "{4D580D73-5182-48D1-B271-54BAC90F4F94}"
EndProject
Project("{FAE04EC0-301F-11D3-BF4B-00C04F79EFBC}") = "Tyuiu.AvdeevAS.Sprint2.Task2.V6", "Tyuiu.AvdeevAS.Sprint2.Task2.V6\Tyuiu.AvdeevAS.Sprint2.Task2.V6.csproj", "{7B11E0C6-C8A6-47E7-BDF2-913DFA74F7C8}"
EndProject
Project("{FAE04EC0-301F-11D3-BF4B-00C04F79EFBC}") = "Tyuiu.AvdeevAS.Sprint2.Task2.V6.Lib", "Tyuiu.AvdeevAS.Sprint2.Task2.V6.Lib\Tyuiu.AvdeevAS.Sprint2.Task2.V6.Lib.csproj", "{BE352A45-DCFC-4A70-933E-4C4CF7019248}"
EndProject
Project("{FAE04EC0-301F-11D3-BF4B-00C04F79EFBC}") = "Tyuiu.AvdeevAS.Sprint2.Task2.V6.Test", "Tyuiu.AvdeevAS.Sprint2.Task2.V6.Test\Tyuiu.AvdeevAS.Sprint2.Task2.V6.Test.csproj", "{0D5D3A1A-0BD8-4EE6-B594-46ECE15FE3EF}"
EndProject
Project("{2150E333-8FDC-42A3-9474-1A3956D46DE8}") = "Task3", "Task3", "{65D46AC9-87C0-42D9-9963-B41DF0C5CF4A}"
EndProject
Project("{FAE04EC0-301F-11D3-BF4B-00C04F79EFBC}") = "Tyuiu.AvdeevAS.Sprint2.Task3.V21", "Tyuiu.AvdeevAS.Sprint2.Task3.V21\Tyuiu.AvdeevAS.Sprint2.Task3.V21.csproj", "{0D015755-E210-418B-AC69-0DFE8BF45075}"
EndProject
Project("{FAE04EC0-301F-11D3-BF4B-00C04F79EFBC}") = "Tyuiu.AvdeevAS.Sprint2.Task3.V21.Lib", "Tyuiu.AvdeevAS.Sprint2.Task3.V21.Lib\Tyuiu.AvdeevAS.Sprint2.Task3.V21.Lib.csproj", "{BF5F33DC-BA21-4C41-A9AB-FB0A8027F5FD}"
EndProject
Project("{FAE04EC0-301F-11D3-BF4B-00C04F79EFBC}") = "Tyuiu.AvdeevAS.Sprint2.Task3.V21.Test", "Tyuiu.AvdeevAS.Sprint2.Task3.V21.Test\Tyuiu.AvdeevAS.Sprint2.Task3.V21.Test.csproj", "{128D8D66-2BAF-457D-B39B-4B718A0F4132}"
EndProject
Project("{2150E333-8FDC-42A3-9474-1A3956D46DE8}") = "Task4", "Task4", "{3E6D87DE-BBCF-47FE-A156-27B6627D30A8}"
EndProject
Project("{FAE04EC0-301F-11D3-BF4B-00C04F79EFBC}") = "Tyuiu.AvdeevAS.Sprint2.Task4.V7", "Tyuiu.AvdeevAS.Sprint2.Task4.V7\Tyuiu.AvdeevAS.Sprint2.Task4.V7.csproj", "{043AD71E-B8CB-41EB-84AB-DCF4AEE7D297}"
EndProject
Project("{FAE04EC0-301F-11D3-BF4B-00C04F79EFBC}") = "Tyuiu.AvdeevAS.Sprint2.Task4.V7.Lib", "Tyuiu.AvdeevAS.Sprint2.Task4.V7.Lib\Tyuiu.AvdeevAS.Sprint2.Task4.V7.Lib.csproj", "{FDE25532-D12E-410E-A7B8-739EF5A24C35}"
EndProject
Project("{FAE04EC0-301F-11D3-BF4B-00C04F79EFBC}") = "Tyuiu.AvdeevAS.Sprint2.Task4.V7.Test", "Tyuiu.AvdeevAS.Sprint2.Task4.V7.Test\Tyuiu.AvdeevAS.Sprint2.Task4.V7.Test.csproj", "{CEC467BC-FC39-438B-960B-B55B51FEB6D4}"
EndProject
Project("{2150E333-8FDC-42A3-9474-1A3956D46DE8}") = "Task5", "Task5", "{42DCD37C-360F-4898-BC3C-A1508695CB00}"
EndProject
Project("{FAE04EC0-301F-11D3-BF4B-00C04F79EFBC}") = "Tyuiu.AvdeevAS.Sprint2.Task5.V1", "Tyuiu.AvdeevAS.Sprint2.Task5.V1\Tyuiu.AvdeevAS.Sprint2.Task5.V1.csproj", "{804981AB-010A-4DD5-B4A1-C52AD383F968}"
EndProject
Project("{FAE04EC0-301F-11D3-BF4B-00C04F79EFBC}") = "Tyuiu.AvdeevAS.Sprint2.Task5.V1.Lib", "Tyuiu.AvdeevAS.Sprint2.Task5.V1.Lib\Tyuiu.AvdeevAS.Sprint2.Task5.V1.Lib.csproj", "{5619DAC9-02D5-4AC3-8F85-514B5CCC9268}"
EndProject
Project("{FAE04EC0-301F-11D3-BF4B-00C04F79EFBC}") = "Tyuiu.AvdeevAS.Sprint2.Task5.V1.Test", "Tyuiu.AvdeevAS.Sprint2.Task5.V1.Test\Tyuiu.AvdeevAS.Sprint2.Task5.V1.Test.csproj", "{905464D7-DA83-4D4A-8866-AA51B32842C5}"
EndProject
Project("{2150E333-8FDC-42A3-9474-1A3956D46DE8}") = "Task6", "Task6", "{7FE42E63-0FBD-4772-90EE-7703D49275C6}"
EndProject
Project("{2150E333-8FDC-42A3-9474-1A3956D46DE8}") = "Task7", "Task7", "{0F766CC8-C9CE-4F15-ACCB-CAD5DC8C7A2F}"
EndProject
Project("{FAE04EC0-301F-11D3-BF4B-00C04F79EFBC}") = "Tyuiu.AvdeevAS.Sprint2.Task6.V12", "Tyuiu.AvdeevAS.Sprint2.Task6.V12\Tyuiu.AvdeevAS.Sprint2.Task6.V12.csproj", "{C8739C47-E722-4F5B-B3F2-B474A4BC254A}"
EndProject
Project("{FAE04EC0-301F-11D3-BF4B-00C04F79EFBC}") = "Tyuiu.AvdeevAS.Sprint2.Task6.V12.Lib", "Tyuiu.AvdeevAS.Sprint2.Task6.V12.Lib\Tyuiu.AvdeevAS.Sprint2.Task6.V12.Lib.csproj", "{2256091B-3234-4E5C-8B7F-B4186A34D78A}"
EndProject
Project("{FAE04EC0-301F-11D3-BF4B-00C04F79EFBC}") = "Tyuiu.AvdeevAS.Sprint2.Task6.V12.Test", "Tyuiu.AvdeevAS.Sprint2.Task6.V12.Test\Tyuiu.AvdeevAS.Sprint2.Task6.V12.Test.csproj", "{A436D903-32AE-411B-857A-4D383FBBAC6D}"
EndProject
Project("{FAE04EC0-301F-11D3-BF4B-00C04F79EFBC}") = "Tyuiu.AvdeevAS.Sprint2.Task7.V12", "Tyuiu.AvdeevAS.Sprint2.Task7.V12\Tyuiu.AvdeevAS.Sprint2.Task7.V12.csproj", "{D458704C-7232-4444-8E50-67C77B95DC00}"
EndProject
Project("{FAE04EC0-301F-11D3-BF4B-00C04F79EFBC}") = "Tyuiu.AvdeevAS.Sprint2.Task7.V12.Lib", "Tyuiu.AvdeevAS.Sprint2.Task7.V12.Lib\Tyuiu.AvdeevAS.Sprint2.Task7.V12.Lib.csproj", "{D9238587-F7C0-4B65-A99B-D9BDCFB46B64}"
EndProject
Project("{FAE04EC0-301F-11D3-BF4B-00C04F79EFBC}") = "Tyuiu.AvdeevAS.Sprint2.Task7.V12.Test", "Tyuiu.AvdeevAS.Sprint2.Task7.V12.Test\Tyuiu.AvdeevAS.Sprint2.Task7.V12.Test.csproj", "{F5E8EF0A-5D2C-415B-BF6C-82A494B12DC9}"
EndProject
Global
	GlobalSection(SolutionConfigurationPlatforms) = preSolution
		Debug|Any CPU = Debug|Any CPU
		Release|Any CPU = Release|Any CPU
	EndGlobalSection
	GlobalSection(ProjectConfigurationPlatforms) = postSolution
		{83D4A4D3-740A-4B2F-9D21-31CE44504B74}.Debug|Any CPU.ActiveCfg = Debug|Any CPU
		{83D4A4D3-740A-4B2F-9D21-31CE44504B74}.Debug|Any CPU.Build.0 = Debug|Any CPU
		{83D4A4D3-740A-4B2F-9D21-31CE44504B74}.Release|Any CPU.ActiveCfg = Release|Any CPU
		{83D4A4D3-740A-4B2F-9D21-31CE44504B74}.Release|Any CPU.Build.0 = Release|Any CPU
		{FB3E7435-E961-4619-A972-8342C91FC2F4}.Debug|Any CPU.ActiveCfg = Debug|Any CPU
		{FB3E7435-E961-4619-A972-8342C91FC2F4}.Debug|Any CPU.Build.0 = Debug|Any CPU
		{FB3E7435-E961-4619-A972-8342C91FC2F4}.Release|Any CPU.ActiveCfg = Release|Any CPU
		{FB3E7435-E961-4619-A972-8342C91FC2F4}.Release|Any CPU.Build.0 = Release|Any CPU
		{95F0C5B9-E1A0-439C-A0F6-98DF2120B339}.Debug|Any CPU.ActiveCfg = Debug|Any CPU
		{95F0C5B9-E1A0-439C-A0F6-98DF2120B339}.Debug|Any CPU.Build.0 = Debug|Any CPU
		{95F0C5B9-E1A0-439C-A0F6-98DF2120B339}.Release|Any CPU.ActiveCfg = Release|Any CPU
		{95F0C5B9-E1A0-439C-A0F6-98DF2120B339}.Release|Any CPU.Build.0 = Release|Any CPU
		{BBC143A8-39EE-4D35-9D6F-F498E344503C}.Debug|Any CPU.ActiveCfg = Debug|Any CPU
		{BBC143A8-39EE-4D35-9D6F-F498E344503C}.Debug|Any CPU.Build.0 = Debug|Any CPU
		{BBC143A8-39EE-4D35-9D6F-F498E344503C}.Release|Any CPU.ActiveCfg = Release|Any CPU
		{BBC143A8-39EE-4D35-9D6F-F498E344503C}.Release|Any CPU.Build.0 = Release|Any CPU
		{034D5227-91B0-4AB5-9BE2-A74202A3FB33}.Debug|Any CPU.ActiveCfg = Debug|Any CPU
		{034D5227-91B0-4AB5-9BE2-A74202A3FB33}.Debug|Any CPU.Build.0 = Debug|Any CPU
		{034D5227-91B0-4AB5-9BE2-A74202A3FB33}.Release|Any CPU.ActiveCfg = Release|Any CPU
		{034D5227-91B0-4AB5-9BE2-A74202A3FB33}.Release|Any CPU.Build.0 = Release|Any CPU
		{2AC58D00-3BCF-4F78-BE05-61602DC832C3}.Debug|Any CPU.ActiveCfg = Debug|Any CPU
		{2AC58D00-3BCF-4F78-BE05-61602DC832C3}.Debug|Any CPU.Build.0 = Debug|Any CPU
		{2AC58D00-3BCF-4F78-BE05-61602DC832C3}.Release|Any CPU.ActiveCfg = Release|Any CPU
		{2AC58D00-3BCF-4F78-BE05-61602DC832C3}.Release|Any CPU.Build.0 = Release|Any CPU
		{7B11E0C6-C8A6-47E7-BDF2-913DFA74F7C8}.Debug|Any CPU.ActiveCfg = Debug|Any CPU
		{7B11E0C6-C8A6-47E7-BDF2-913DFA74F7C8}.Debug|Any CPU.Build.0 = Debug|Any CPU
		{7B11E0C6-C8A6-47E7-BDF2-913DFA74F7C8}.Release|Any CPU.ActiveCfg = Release|Any CPU
		{7B11E0C6-C8A6-47E7-BDF2-913DFA74F7C8}.Release|Any CPU.Build.0 = Release|Any CPU
		{BE352A45-DCFC-4A70-933E-4C4CF7019248}.Debug|Any CPU.ActiveCfg = Debug|Any CPU
		{BE352A45-DCFC-4A70-933E-4C4CF7019248}.Debug|Any CPU.Build.0 = Debug|Any CPU
		{BE352A45-DCFC-4A70-933E-4C4CF7019248}.Release|Any CPU.ActiveCfg = Release|Any CPU
		{BE352A45-DCFC-4A70-933E-4C4CF7019248}.Release|Any CPU.Build.0 = Release|Any CPU
		{0D5D3A1A-0BD8-4EE6-B594-46ECE15FE3EF}.Debug|Any CPU.ActiveCfg = Debug|Any CPU
		{0D5D3A1A-0BD8-4EE6-B594-46ECE15FE3EF}.Debug|Any CPU.Build.0 = Debug|Any CPU
		{0D5D3A1A-0BD8-4EE6-B594-46ECE15FE3EF}.Release|Any CPU.ActiveCfg = Release|Any CPU
		{0D5D3A1A-0BD8-4EE6-B594-46ECE15FE3EF}.Release|Any CPU.Build.0 = Release|Any CPU
		{0D015755-E210-418B-AC69-0DFE8BF45075}.Debug|Any CPU.ActiveCfg = Debug|Any CPU
		{0D015755-E210-418B-AC69-0DFE8BF45075}.Debug|Any CPU.Build.0 = Debug|Any CPU
		{0D015755-E210-418B-AC69-0DFE8BF45075}.Release|Any CPU.ActiveCfg = Release|Any CPU
		{0D015755-E210-418B-AC69-0DFE8BF45075}.Release|Any CPU.Build.0 = Release|Any CPU
		{BF5F33DC-BA21-4C41-A9AB-FB0A8027F5FD}.Debug|Any CPU.ActiveCfg = Debug|Any CPU
		{BF5F33DC-BA21-4C41-A9AB-FB0A8027F5FD}.Debug|Any CPU.Build.0 = Debug|Any CPU
		{BF5F33DC-BA21-4C41-A9AB-FB0A8027F5FD}.Release|Any CPU.ActiveCfg = Release|Any CPU
		{BF5F33DC-BA21-4C41-A9AB-FB0A8027F5FD}.Release|Any CPU.Build.0 = Release|Any CPU
		{128D8D66-2BAF-457D-B39B-4B718A0F4132}.Debug|Any CPU.ActiveCfg = Debug|Any CPU
		{128D8D66-2BAF-457D-B39B-4B718A0F4132}.Debug|Any CPU.Build.0 = Debug|Any CPU
		{128D8D66-2BAF-457D-B39B-4B718A0F4132}.Release|Any CPU.ActiveCfg = Release|Any CPU
		{128D8D66-2BAF-457D-B39B-4B718A0F4132}.Release|Any CPU.Build.0 = Release|Any CPU
		{043AD71E-B8CB-41EB-84AB-DCF4AEE7D297}.Debug|Any CPU.ActiveCfg = Debug|Any CPU
		{043AD71E-B8CB-41EB-84AB-DCF4AEE7D297}.Debug|Any CPU.Build.0 = Debug|Any CPU
		{043AD71E-B8CB-41EB-84AB-DCF4AEE7D297}.Release|Any CPU.ActiveCfg = Release|Any CPU
		{043AD71E-B8CB-41EB-84AB-DCF4AEE7D297}.Release|Any CPU.Build.0 = Release|Any CPU
		{FDE25532-D12E-410E-A7B8-739EF5A24C35}.Debug|Any CPU.ActiveCfg = Debug|Any CPU
		{FDE25532-D12E-410E-A7B8-739EF5A24C35}.Debug|Any CPU.Build.0 = Debug|Any CPU
		{FDE25532-D12E-410E-A7B8-739EF5A24C35}.Release|Any CPU.ActiveCfg = Release|Any CPU
		{FDE25532-D12E-410E-A7B8-739EF5A24C35}.Release|Any CPU.Build.0 = Release|Any CPU
		{CEC467BC-FC39-438B-960B-B55B51FEB6D4}.Debug|Any CPU.ActiveCfg = Debug|Any CPU
		{CEC467BC-FC39-438B-960B-B55B51FEB6D4}.Debug|Any CPU.Build.0 = Debug|Any CPU
		{CEC467BC-FC39-438B-960B-B55B51FEB6D4}.Release|Any CPU.ActiveCfg = Release|Any CPU
		{CEC467BC-FC39-438B-960B-B55B51FEB6D4}.Release|Any CPU.Build.0 = Release|Any CPU
		{804981AB-010A-4DD5-B4A1-C52AD383F968}.Debug|Any CPU.ActiveCfg = Debug|Any CPU
		{804981AB-010A-4DD5-B4A1-C52AD383F968}.Debug|Any CPU.Build.0 = Debug|Any CPU
		{804981AB-010A-4DD5-B4A1-C52AD383F968}.Release|Any CPU.ActiveCfg = Release|Any CPU
		{804981AB-010A-4DD5-B4A1-C52AD383F968}.Release|Any CPU.Build.0 = Release|Any CPU
		{5619DAC9-02D5-4AC3-8F85-514B5CCC9268}.Debug|Any CPU.ActiveCfg = Debug|Any CPU
		{5619DAC9-02D5-4AC3-8F85-514B5CCC9268}.Debug|Any CPU.Build.0 = Debug|Any CPU
		{5619DAC9-02D5-4AC3-8F85-514B5CCC9268}.Release|Any CPU.ActiveCfg = Release|Any CPU
		{5619DAC9-02D5-4AC3-8F85-514B5CCC9268}.Release|Any CPU.Build.0 = Release|Any CPU
		{905464D7-DA83-4D4A-8866-AA51B32842C5}.Debug|Any CPU.ActiveCfg = Debug|Any CPU
		{905464D7-DA83-4D4A-8866-AA51B32842C5}.Debug|Any CPU.Build.0 = Debug|Any CPU
		{905464D7-DA83-4D4A-8866-AA51B32842C5}.Release|Any CPU.ActiveCfg = Release|Any CPU
		{905464D7-DA83-4D4A-8866-AA51B32842C5}.Release|Any CPU.Build.0 = Release|Any CPU
		{C8739C47-E722-4F5B-B3F2-B474A4BC254A}.Debug|Any CPU.ActiveCfg = Debug|Any CPU
		{C8739C47-E722-4F5B-B3F2-B474A4BC254A}.Debug|Any CPU.Build.0 = Debug|Any CPU
		{C8739C47-E722-4F5B-B3F2-B474A4BC254A}.Release|Any CPU.ActiveCfg = Release|Any CPU
		{C8739C47-E722-4F5B-B3F2-B474A4BC254A}.Release|Any CPU.Build.0 = Release|Any CPU
		{2256091B-3234-4E5C-8B7F-B4186A34D78A}.Debug|Any CPU.ActiveCfg = Debug|Any CPU
		{2256091B-3234-4E5C-8B7F-B4186A34D78A}.Debug|Any CPU.Build.0 = Debug|Any CPU
		{2256091B-3234-4E5C-8B7F-B4186A34D78A}.Release|Any CPU.ActiveCfg = Release|Any CPU
		{2256091B-3234-4E5C-8B7F-B4186A34D78A}.Release|Any CPU.Build.0 = Release|Any CPU
		{A436D903-32AE-411B-857A-4D383FBBAC6D}.Debug|Any CPU.ActiveCfg = Debug|Any CPU
		{A436D903-32AE-411B-857A-4D383FBBAC6D}.Debug|Any CPU.Build.0 = Debug|Any CPU
		{A436D903-32AE-411B-857A-4D383FBBAC6D}.Release|Any CPU.ActiveCfg = Release|Any CPU
		{A436D903-32AE-411B-857A-4D383FBBAC6D}.Release|Any CPU.Build.0 = Release|Any CPU
		{D458704C-7232-4444-8E50-67C77B95DC00}.Debug|Any CPU.ActiveCfg = Debug|Any CPU
		{D458704C-7232-4444-8E50-67C77B95DC00}.Debug|Any CPU.Build.0 = Debug|Any CPU
		{D458704C-7232-4444-8E50-67C77B95DC00}.Release|Any CPU.ActiveCfg = Release|Any CPU
		{D458704C-7232-4444-8E50-67C77B95DC00}.Release|Any CPU.Build.0 = Release|Any CPU
		{D9238587-F7C0-4B65-A99B-D9BDCFB46B64}.Debug|Any CPU.ActiveCfg = Debug|Any CPU
		{D9238587-F7C0-4B65-A99B-D9BDCFB46B64}.Debug|Any CPU.Build.0 = Debug|Any CPU
		{D9238587-F7C0-4B65-A99B-D9BDCFB46B64}.Release|Any CPU.ActiveCfg = Release|Any CPU
		{D9238587-F7C0-4B65-A99B-D9BDCFB46B64}.Release|Any CPU.Build.0 = Release|Any CPU
		{F5E8EF0A-5D2C-415B-BF6C-82A494B12DC9}.Debug|Any CPU.ActiveCfg = Debug|Any CPU
		{F5E8EF0A-5D2C-415B-BF6C-82A494B12DC9}.Debug|Any CPU.Build.0 = Debug|Any CPU
		{F5E8EF0A-5D2C-415B-BF6C-82A494B12DC9}.Release|Any CPU.ActiveCfg = Release|Any CPU
		{F5E8EF0A-5D2C-415B-BF6C-82A494B12DC9}.Release|Any CPU.Build.0 = Release|Any CPU
	EndGlobalSection
	GlobalSection(SolutionProperties) = preSolution
		HideSolutionNode = FALSE
	EndGlobalSection
	GlobalSection(NestedProjects) = preSolution
		{83D4A4D3-740A-4B2F-9D21-31CE44504B74} = {27318CEB-7297-4C84-885D-A7D02535AAFD}
		{FB3E7435-E961-4619-A972-8342C91FC2F4} = {27318CEB-7297-4C84-885D-A7D02535AAFD}
		{95F0C5B9-E1A0-439C-A0F6-98DF2120B339} = {27318CEB-7297-4C84-885D-A7D02535AAFD}
		{BBC143A8-39EE-4D35-9D6F-F498E344503C} = {C71251AD-993E-4954-855D-FF29D83C0653}
		{034D5227-91B0-4AB5-9BE2-A74202A3FB33} = {C71251AD-993E-4954-855D-FF29D83C0653}
		{2AC58D00-3BCF-4F78-BE05-61602DC832C3} = {C71251AD-993E-4954-855D-FF29D83C0653}
		{7B11E0C6-C8A6-47E7-BDF2-913DFA74F7C8} = {4D580D73-5182-48D1-B271-54BAC90F4F94}
		{BE352A45-DCFC-4A70-933E-4C4CF7019248} = {4D580D73-5182-48D1-B271-54BAC90F4F94}
		{0D5D3A1A-0BD8-4EE6-B594-46ECE15FE3EF} = {4D580D73-5182-48D1-B271-54BAC90F4F94}
		{0D015755-E210-418B-AC69-0DFE8BF45075} = {65D46AC9-87C0-42D9-9963-B41DF0C5CF4A}
		{BF5F33DC-BA21-4C41-A9AB-FB0A8027F5FD} = {65D46AC9-87C0-42D9-9963-B41DF0C5CF4A}
		{128D8D66-2BAF-457D-B39B-4B718A0F4132} = {65D46AC9-87C0-42D9-9963-B41DF0C5CF4A}
		{043AD71E-B8CB-41EB-84AB-DCF4AEE7D297} = {3E6D87DE-BBCF-47FE-A156-27B6627D30A8}
		{FDE25532-D12E-410E-A7B8-739EF5A24C35} = {3E6D87DE-BBCF-47FE-A156-27B6627D30A8}
		{CEC467BC-FC39-438B-960B-B55B51FEB6D4} = {3E6D87DE-BBCF-47FE-A156-27B6627D30A8}
		{804981AB-010A-4DD5-B4A1-C52AD383F968} = {42DCD37C-360F-4898-BC3C-A1508695CB00}
		{5619DAC9-02D5-4AC3-8F85-514B5CCC9268} = {42DCD37C-360F-4898-BC3C-A1508695CB00}
		{905464D7-DA83-4D4A-8866-AA51B32842C5} = {42DCD37C-360F-4898-BC3C-A1508695CB00}
		{C8739C47-E722-4F5B-B3F2-B474A4BC254A} = {7FE42E63-0FBD-4772-90EE-7703D49275C6}
		{2256091B-3234-4E5C-8B7F-B4186A34D78A} = {7FE42E63-0FBD-4772-90EE-7703D49275C6}
		{A436D903-32AE-411B-857A-4D383FBBAC6D} = {7FE42E63-0FBD-4772-90EE-7703D49275C6}
		{D458704C-7232-4444-8E50-67C77B95DC00} = {0F766CC8-C9CE-4F15-ACCB-CAD5DC8C7A2F}
		{D9238587-F7C0-4B65-A99B-D9BDCFB46B64} = {0F766CC8-C9CE-4F15-ACCB-CAD5DC8C7A2F}
		{F5E8EF0A-5D2C-415B-BF6C-82A494B12DC9} = {0F766CC8-C9CE-4F15-ACCB-CAD5DC8C7A2F}
	EndGlobalSection
	GlobalSection(ExtensibilityGlobals) = postSolution
		SolutionGuid = {D946FF9C-997D-4ECC-9DE1-C4588FE55ACA}
	EndGlobalSection
EndGlobal
